
Microsoft Visual Studio Solution File, Format Version 12.00
# Visual Studio Version 17
VisualStudioVersion = 17.0.31903.59
MinimumVisualStudioVersion = 10.0.40219.1
Project("{2150E333-8FDC-42A3-9474-1A3956D46DE8}") = "src", "src", "{827E0CD3-B72D-47B6-A68D-7590B98EB39B}"
EndProject
Project("{FAE04EC0-301F-11D3-BF4B-00C04F79EFBC}") = "ApplesoftBasic.Interpreter", "src\ApplesoftBasic.Interpreter\ApplesoftBasic.Interpreter.csproj", "{41802445-C5BF-4660-9CA5-5AB0F9ED440C}"
EndProject
Project("{FAE04EC0-301F-11D3-BF4B-00C04F79EFBC}") = "ApplesoftBasic.Console", "src\ApplesoftBasic.Console\ApplesoftBasic.Console.csproj", "{CDDAFE24-9562-4850-8973-E2E21530146E}"
EndProject
Project("{2150E333-8FDC-42A3-9474-1A3956D46DE8}") = "tests", "tests", "{0AB3BF05-4346-4AA6-1389-037BE0695223}"
EndProject
Project("{FAE04EC0-301F-11D3-BF4B-00C04F79EFBC}") = "ApplesoftBasic.Tests", "tests\ApplesoftBasic.Tests\ApplesoftBasic.Tests.csproj", "{84DB2249-1C99-4FB0-B01A-210D5688D97F}"
EndProject
Global
	GlobalSection(SolutionConfigurationPlatforms) = preSolution
		Debug|Any CPU = Debug|Any CPU
		Debug|x64 = Debug|x64
		Debug|x86 = Debug|x86
		Release|Any CPU = Release|Any CPU
		Release|x64 = Release|x64
		Release|x86 = Release|x86
	EndGlobalSection
	GlobalSection(ProjectConfigurationPlatforms) = postSolution
		{41802445-C5BF-4660-9CA5-5AB0F9ED440C}.Debug|Any CPU.ActiveCfg = Debug|Any CPU
		{41802445-C5BF-4660-9CA5-5AB0F9ED440C}.Debug|Any CPU.Build.0 = Debug|Any CPU
		{41802445-C5BF-4660-9CA5-5AB0F9ED440C}.Debug|x64.ActiveCfg = Debug|Any CPU
		{41802445-C5BF-4660-9CA5-5AB0F9ED440C}.Debug|x64.Build.0 = Debug|Any CPU
		{41802445-C5BF-4660-9CA5-5AB0F9ED440C}.Debug|x86.ActiveCfg = Debug|Any CPU
		{41802445-C5BF-4660-9CA5-5AB0F9ED440C}.Debug|x86.Build.0 = Debug|Any CPU
		{41802445-C5BF-4660-9CA5-5AB0F9ED440C}.Release|Any CPU.ActiveCfg = Release|Any CPU
		{41802445-C5BF-4660-9CA5-5AB0F9ED440C}.Release|Any CPU.Build.0 = Release|Any CPU
		{41802445-C5BF-4660-9CA5-5AB0F9ED440C}.Release|x64.ActiveCfg = Release|Any CPU
		{41802445-C5BF-4660-9CA5-5AB0F9ED440C}.Release|x64.Build.0 = Release|Any CPU
		{41802445-C5BF-4660-9CA5-5AB0F9ED440C}.Release|x86.ActiveCfg = Release|Any CPU
		{41802445-C5BF-4660-9CA5-5AB0F9ED440C}.Release|x86.Build.0 = Release|Any CPU
		{CDDAFE24-9562-4850-8973-E2E21530146E}.Debug|Any CPU.ActiveCfg = Debug|Any CPU
		{CDDAFE24-9562-4850-8973-E2E21530146E}.Debug|Any CPU.Build.0 = Debug|Any CPU
		{CDDAFE24-9562-4850-8973-E2E21530146E}.Debug|x64.ActiveCfg = Debug|Any CPU
		{CDDAFE24-9562-4850-8973-E2E21530146E}.Debug|x64.Build.0 = Debug|Any CPU
		{CDDAFE24-9562-4850-8973-E2E21530146E}.Debug|x86.ActiveCfg = Debug|Any CPU
		{CDDAFE24-9562-4850-8973-E2E21530146E}.Debug|x86.Build.0 = Debug|Any CPU
		{CDDAFE24-9562-4850-8973-E2E21530146E}.Release|Any CPU.ActiveCfg = Release|Any CPU
		{CDDAFE24-9562-4850-8973-E2E21530146E}.Release|Any CPU.Build.0 = Release|Any CPU
		{CDDAFE24-9562-4850-8973-E2E21530146E}.Release|x64.ActiveCfg = Release|Any CPU
		{CDDAFE24-9562-4850-8973-E2E21530146E}.Release|x64.Build.0 = Release|Any CPU
		{CDDAFE24-9562-4850-8973-E2E21530146E}.Release|x86.ActiveCfg = Release|Any CPU
		{CDDAFE24-9562-4850-8973-E2E21530146E}.Release|x86.Build.0 = Release|Any CPU
		{84DB2249-1C99-4FB0-B01A-210D5688D97F}.Debug|Any CPU.ActiveCfg = Debug|Any CPU
		{84DB2249-1C99-4FB0-B01A-210D5688D97F}.Debug|Any CPU.Build.0 = Debug|Any CPU
		{84DB2249-1C99-4FB0-B01A-210D5688D97F}.Debug|x64.ActiveCfg = Debug|Any CPU
		{84DB2249-1C99-4FB0-B01A-210D5688D97F}.Debug|x64.Build.0 = Debug|Any CPU
		{84DB2249-1C99-4FB0-B01A-210D5688D97F}.Debug|x86.ActiveCfg = Debug|Any CPU
		{84DB2249-1C99-4FB0-B01A-210D5688D97F}.Debug|x86.Build.0 = Debug|Any CPU
		{84DB2249-1C99-4FB0-B01A-210D5688D97F}.Release|Any CPU.ActiveCfg = Release|Any CPU
		{84DB2249-1C99-4FB0-B01A-210D5688D97F}.Release|Any CPU.Build.0 = Release|Any CPU
		{84DB2249-1C99-4FB0-B01A-210D5688D97F}.Release|x64.ActiveCfg = Release|Any CPU
		{84DB2249-1C99-4FB0-B01A-210D5688D97F}.Release|x64.Build.0 = Release|Any CPU
		{84DB2249-1C99-4FB0-B01A-210D5688D97F}.Release|x86.ActiveCfg = Release|Any CPU
		{84DB2249-1C99-4FB0-B01A-210D5688D97F}.Release|x86.Build.0 = Release|Any CPU
	EndGlobalSection
	GlobalSection(SolutionProperties) = preSolution
		HideSolutionNode = FALSE
	EndGlobalSection
	GlobalSection(NestedProjects) = preSolution
		{41802445-C5BF-4660-9CA5-5AB0F9ED440C} = {827E0CD3-B72D-47B6-A68D-7590B98EB39B}
		{CDDAFE24-9562-4850-8973-E2E21530146E} = {827E0CD3-B72D-47B6-A68D-7590B98EB39B}
		{84DB2249-1C99-4FB0-B01A-210D5688D97F} = {0AB3BF05-4346-4AA6-1389-037BE0695223}
	EndGlobalSection
EndGlobal
